
Microsoft Visual Studio Solution File, Format Version 12.00
# Visual Studio Version 17
VisualStudioVersion = 17.7.34003.232
MinimumVisualStudioVersion = 10.0.40219.1
Project("{FAE04EC0-301F-11D3-BF4B-00C04F79EFBC}") = "YEcs", "YEcs\YEcs.csproj", "{1469451C-A742-4A01-A7DB-C5B046357816}"
EndProject
Project("{FAE04EC0-301F-11D3-BF4B-00C04F79EFBC}") = "UnitTests", "UnitTests\UnitTests.csproj", "{8D603F72-5B0F-4DDC-828F-D3D7A523BD6D}"
EndProject
Global
	GlobalSection(SolutionConfigurationPlatforms) = preSolution
		Debug|Any CPU = Debug|Any CPU
		Release|Any CPU = Release|Any CPU
	EndGlobalSection
	GlobalSection(ProjectConfigurationPlatforms) = postSolution
		{1469451C-A742-4A01-A7DB-C5B046357816}.Debug|Any CPU.ActiveCfg = Debug|Any CPU
		{1469451C-A742-4A01-A7DB-C5B046357816}.Debug|Any CPU.Build.0 = Debug|Any CPU
		{1469451C-A742-4A01-A7DB-C5B046357816}.Release|Any CPU.ActiveCfg = Release|Any CPU
		{1469451C-A742-4A01-A7DB-C5B046357816}.Release|Any CPU.Build.0 = Release|Any CPU
		{8D603F72-5B0F-4DDC-828F-D3D7A523BD6D}.Debug|Any CPU.ActiveCfg = Debug|Any CPU
		{8D603F72-5B0F-4DDC-828F-D3D7A523BD6D}.Debug|Any CPU.Build.0 = Debug|Any CPU
		{8D603F72-5B0F-4DDC-828F-D3D7A523BD6D}.Release|Any CPU.ActiveCfg = Release|Any CPU
		{8D603F72-5B0F-4DDC-828F-D3D7A523BD6D}.Release|Any CPU.Build.0 = Release|Any CPU
	EndGlobalSection
	GlobalSection(SolutionProperties) = preSolution
		HideSolutionNode = FALSE
	EndGlobalSection
	GlobalSection(ExtensibilityGlobals) = postSolution
		SolutionGuid = {88D2CC89-A44E-41A4-B7CC-61552E925E60}
	EndGlobalSection
EndGlobal
